
Microsoft Visual Studio Solution File, Format Version 12.00
# Visual Studio Version 17
VisualStudioVersion = 17.0.31903.59
MinimumVisualStudioVersion = 10.0.40219.1
Project("{2150E333-8FDC-42A3-9474-1A3956D46DE8}") = "src", "src", "{DAD68404-7A8C-4AD5-B033-6C6AFBDB83BE}"
EndProject
Project("{9A19103F-16F7-4668-BE54-9A1E7A4F7556}") = "AutomatedLearningSystem.Api", "src\AutomatedLearningSystem.Api\AutomatedLearningSystem.Api.csproj", "{0D056FCB-BDE2-4934-BD88-2C96C3C8C014}"
EndProject
Global
	GlobalSection(SolutionConfigurationPlatforms) = preSolution
		Debug|Any CPU = Debug|Any CPU
		Release|Any CPU = Release|Any CPU
	EndGlobalSection
	GlobalSection(ProjectConfigurationPlatforms) = postSolution
		{0D056FCB-BDE2-4934-BD88-2C96C3C8C014}.Debug|Any CPU.ActiveCfg = Debug|Any CPU
		{0D056FCB-BDE2-4934-BD88-2C96C3C8C014}.Debug|Any CPU.Build.0 = Debug|Any CPU
		{0D056FCB-BDE2-4934-BD88-2C96C3C8C014}.Release|Any CPU.ActiveCfg = Release|Any CPU
		{0D056FCB-BDE2-4934-BD88-2C96C3C8C014}.Release|Any CPU.Build.0 = Release|Any CPU
	EndGlobalSection
	GlobalSection(SolutionProperties) = preSolution
		HideSolutionNode = FALSE
	EndGlobalSection
	GlobalSection(NestedProjects) = preSolution
		{0D056FCB-BDE2-4934-BD88-2C96C3C8C014} = {DAD68404-7A8C-4AD5-B033-6C6AFBDB83BE}
	EndGlobalSection
	GlobalSection(ExtensibilityGlobals) = postSolution
		SolutionGuid = {28055369-988B-4199-A137-0F0CA06DC0FE}
	EndGlobalSection
EndGlobal
